// !$*UTF8*$!
{
	archiveVersion = 1;
	classes = {
	};
	objectVersion = 50;
	objects = {

/* Begin PBXBuildFile section */
		1E2D255F0CA68E878031D508 /* Pods_CTC.framework in Frameworks */ = {isa = PBXBuildFile; fileRef = B72ED0A88CDD17F1BA897BA1 /* Pods_CTC.framework */; };
		555834972221EFD900C1E887 /* AdventPro-SemiBold.ttf in Resources */ = {isa = PBXBuildFile; fileRef = 555834952221EFD900C1E887 /* AdventPro-SemiBold.ttf */; };
		555834982221EFD900C1E887 /* Globals.swift in Sources */ = {isa = PBXBuildFile; fileRef = 555834962221EFD900C1E887 /* Globals.swift */; };
		555834A02221EFE900C1E887 /* img_1.png in Resources */ = {isa = PBXBuildFile; fileRef = 5558349B2221EFE900C1E887 /* img_1.png */; };
		555834A12221EFE900C1E887 /* img_0.png in Resources */ = {isa = PBXBuildFile; fileRef = 5558349C2221EFE900C1E887 /* img_0.png */; };
		555834A32221EFE900C1E887 /* heart-green.json in Resources */ = {isa = PBXBuildFile; fileRef = 5558349E2221EFE900C1E887 /* heart-green.json */; };
		555834A42221EFE900C1E887 /* scrolldown.json in Resources */ = {isa = PBXBuildFile; fileRef = 5558349F2221EFE900C1E887 /* scrolldown.json */; };
		5559664B224BF0A400700846 /* loading.json in Resources */ = {isa = PBXBuildFile; fileRef = 5559664A224BF0A400700846 /* loading.json */; };
		55870EA821F00CEE004631B7 /* AppDelegate.swift in Sources */ = {isa = PBXBuildFile; fileRef = 55870EA721F00CEE004631B7 /* AppDelegate.swift */; };
		55870EAA21F00CEE004631B7 /* HomeView.swift in Sources */ = {isa = PBXBuildFile; fileRef = 55870EA921F00CEE004631B7 /* HomeView.swift */; };
		55870EAF21F00CF0004631B7 /* Assets.xcassets in Resources */ = {isa = PBXBuildFile; fileRef = 55870EAE21F00CF0004631B7 /* Assets.xcassets */; };
		55870EB221F00CF0004631B7 /* LaunchScreen.storyboard in Resources */ = {isa = PBXBuildFile; fileRef = 55870EB021F00CF0004631B7 /* LaunchScreen.storyboard */; };
		55870EBA21F00E69004631B7 /* HomeViewModel.swift in Sources */ = {isa = PBXBuildFile; fileRef = 55870EB921F00E69004631B7 /* HomeViewModel.swift */; };
		55870EBC21F013AC004631B7 /* CalendarScreenView.swift in Sources */ = {isa = PBXBuildFile; fileRef = 55870EBB21F013AC004631B7 /* CalendarScreenView.swift */; };
		55870EBE21F0159D004631B7 /* GreetingView.swift in Sources */ = {isa = PBXBuildFile; fileRef = 55870EBD21F0159C004631B7 /* GreetingView.swift */; };
		55870EC021F0186A004631B7 /* WelcomeView.swift in Sources */ = {isa = PBXBuildFile; fileRef = 55870EBF21F0186A004631B7 /* WelcomeView.swift */; };
		55870EC221F01875004631B7 /* BioView.swift in Sources */ = {isa = PBXBuildFile; fileRef = 55870EC121F01875004631B7 /* BioView.swift */; };
		55DD771C2243F10200E3B25A /* EventKit.framework in Frameworks */ = {isa = PBXBuildFile; fileRef = 55DD771B2243F10200E3B25A /* EventKit.framework */; };
		55DE1EA0224AA61A00138731 /* heart-grey.json in Resources */ = {isa = PBXBuildFile; fileRef = 55DE1E9F224AA61900138731 /* heart-grey.json */; };
		55DE1EA2224AA93400138731 /* scrolldown-dark.json in Resources */ = {isa = PBXBuildFile; fileRef = 55DE1EA1224AA93400138731 /* scrolldown-dark.json */; };
		55DE1EA4224AAC3100138731 /* scrolldown2-dark.json in Resources */ = {isa = PBXBuildFile; fileRef = 55DE1EA3224AAC3100138731 /* scrolldown2-dark.json */; };
		55F42C2A2244570B00F3BEC2 /* Utility.swift in Sources */ = {isa = PBXBuildFile; fileRef = 55F42C292244570B00F3BEC2 /* Utility.swift */; };
		55F6FE7E2257E2D800D593B4 /* UILabelPadding.swift in Sources */ = {isa = PBXBuildFile; fileRef = 55F6FE7D2257E2D800D593B4 /* UILabelPadding.swift */; };
		7FB810AC2208997A007AB5D5 /* EventCell.swift in Sources */ = {isa = PBXBuildFile; fileRef = 7FB810AB2208997A007AB5D5 /* EventCell.swift */; };
		7FB810B0220899D9007AB5D5 /* CalendarScreenViewModel.swift in Sources */ = {isa = PBXBuildFile; fileRef = 7FB810AF220899D9007AB5D5 /* CalendarScreenViewModel.swift */; };
		7FB810B222089AAC007AB5D5 /* Event.swift in Sources */ = {isa = PBXBuildFile; fileRef = 7FB810B122089AAC007AB5D5 /* Event.swift */; };
/* End PBXBuildFile section */

/* Begin PBXFileReference section */
		555834952221EFD900C1E887 /* AdventPro-SemiBold.ttf */ = {isa = PBXFileReference; lastKnownFileType = file; path = "AdventPro-SemiBold.ttf"; sourceTree = "<group>"; };
		555834962221EFD900C1E887 /* Globals.swift */ = {isa = PBXFileReference; fileEncoding = 4; lastKnownFileType = sourcecode.swift; path = Globals.swift; sourceTree = "<group>"; };
		5558349B2221EFE900C1E887 /* img_1.png */ = {isa = PBXFileReference; lastKnownFileType = image.png; path = img_1.png; sourceTree = "<group>"; };
		5558349C2221EFE900C1E887 /* img_0.png */ = {isa = PBXFileReference; lastKnownFileType = image.png; path = img_0.png; sourceTree = "<group>"; };
		5558349E2221EFE900C1E887 /* heart-green.json */ = {isa = PBXFileReference; fileEncoding = 4; lastKnownFileType = text.json; path = "heart-green.json"; sourceTree = "<group>"; };
		5558349F2221EFE900C1E887 /* scrolldown.json */ = {isa = PBXFileReference; fileEncoding = 4; lastKnownFileType = text.json; path = scrolldown.json; sourceTree = "<group>"; };
		5559664A224BF0A400700846 /* loading.json */ = {isa = PBXFileReference; fileEncoding = 4; lastKnownFileType = text.json; path = loading.json; sourceTree = "<group>"; };
		55870EA421F00CEE004631B7 /* CTC.app */ = {isa = PBXFileReference; explicitFileType = wrapper.application; includeInIndex = 0; path = CTC.app; sourceTree = BUILT_PRODUCTS_DIR; };
		55870EA721F00CEE004631B7 /* AppDelegate.swift */ = {isa = PBXFileReference; lastKnownFileType = sourcecode.swift; path = AppDelegate.swift; sourceTree = "<group>"; };
		55870EA921F00CEE004631B7 /* HomeView.swift */ = {isa = PBXFileReference; lastKnownFileType = sourcecode.swift; path = HomeView.swift; sourceTree = "<group>"; };
		55870EAE21F00CF0004631B7 /* Assets.xcassets */ = {isa = PBXFileReference; lastKnownFileType = folder.assetcatalog; path = Assets.xcassets; sourceTree = "<group>"; };
		55870EB121F00CF0004631B7 /* Base */ = {isa = PBXFileReference; lastKnownFileType = file.storyboard; name = Base; path = Base.lproj/LaunchScreen.storyboard; sourceTree = "<group>"; };
		55870EB321F00CF0004631B7 /* Info.plist */ = {isa = PBXFileReference; lastKnownFileType = text.plist.xml; path = Info.plist; sourceTree = "<group>"; };
		55870EB921F00E69004631B7 /* HomeViewModel.swift */ = {isa = PBXFileReference; lastKnownFileType = sourcecode.swift; path = HomeViewModel.swift; sourceTree = "<group>"; };
		55870EBB21F013AC004631B7 /* CalendarScreenView.swift */ = {isa = PBXFileReference; lastKnownFileType = sourcecode.swift; path = CalendarScreenView.swift; sourceTree = "<group>"; };
		55870EBD21F0159C004631B7 /* GreetingView.swift */ = {isa = PBXFileReference; lastKnownFileType = sourcecode.swift; path = GreetingView.swift; sourceTree = "<group>"; };
		55870EBF21F0186A004631B7 /* WelcomeView.swift */ = {isa = PBXFileReference; lastKnownFileType = sourcecode.swift; path = WelcomeView.swift; sourceTree = "<group>"; };
		55870EC121F01875004631B7 /* BioView.swift */ = {isa = PBXFileReference; lastKnownFileType = sourcecode.swift; path = BioView.swift; sourceTree = "<group>"; };
		55DD771B2243F10200E3B25A /* EventKit.framework */ = {isa = PBXFileReference; lastKnownFileType = wrapper.framework; name = EventKit.framework; path = System/Library/Frameworks/EventKit.framework; sourceTree = SDKROOT; };
		55DE1E9F224AA61900138731 /* heart-grey.json */ = {isa = PBXFileReference; fileEncoding = 4; lastKnownFileType = text.json; path = "heart-grey.json"; sourceTree = "<group>"; };
		55DE1EA1224AA93400138731 /* scrolldown-dark.json */ = {isa = PBXFileReference; fileEncoding = 4; lastKnownFileType = text.json; path = "scrolldown-dark.json"; sourceTree = "<group>"; };
		55DE1EA3224AAC3100138731 /* scrolldown2-dark.json */ = {isa = PBXFileReference; fileEncoding = 4; lastKnownFileType = text.json; path = "scrolldown2-dark.json"; sourceTree = "<group>"; };
		55F42C292244570B00F3BEC2 /* Utility.swift */ = {isa = PBXFileReference; lastKnownFileType = sourcecode.swift; path = Utility.swift; sourceTree = "<group>"; };
		55F6FE7D2257E2D800D593B4 /* UILabelPadding.swift */ = {isa = PBXFileReference; lastKnownFileType = sourcecode.swift; path = UILabelPadding.swift; sourceTree = "<group>"; };
		7FB810AB2208997A007AB5D5 /* EventCell.swift */ = {isa = PBXFileReference; lastKnownFileType = sourcecode.swift; path = EventCell.swift; sourceTree = "<group>"; };
		7FB810AF220899D9007AB5D5 /* CalendarScreenViewModel.swift */ = {isa = PBXFileReference; lastKnownFileType = sourcecode.swift; path = CalendarScreenViewModel.swift; sourceTree = "<group>"; };
		7FB810B122089AAC007AB5D5 /* Event.swift */ = {isa = PBXFileReference; lastKnownFileType = sourcecode.swift; path = Event.swift; sourceTree = "<group>"; };
		84FE14F013CE5A36605D79E9 /* Pods-CTC.release.xcconfig */ = {isa = PBXFileReference; includeInIndex = 1; lastKnownFileType = text.xcconfig; name = "Pods-CTC.release.xcconfig"; path = "Pods/Target Support Files/Pods-CTC/Pods-CTC.release.xcconfig"; sourceTree = "<group>"; };
		A8B31AA846FFF8CD17AC60D4 /* Pods-CTC.debug.xcconfig */ = {isa = PBXFileReference; includeInIndex = 1; lastKnownFileType = text.xcconfig; name = "Pods-CTC.debug.xcconfig"; path = "Pods/Target Support Files/Pods-CTC/Pods-CTC.debug.xcconfig"; sourceTree = "<group>"; };
		B72ED0A88CDD17F1BA897BA1 /* Pods_CTC.framework */ = {isa = PBXFileReference; explicitFileType = wrapper.framework; includeInIndex = 0; path = Pods_CTC.framework; sourceTree = BUILT_PRODUCTS_DIR; };
/* End PBXFileReference section */

/* Begin PBXFrameworksBuildPhase section */
		55870EA121F00CEE004631B7 /* Frameworks */ = {
			isa = PBXFrameworksBuildPhase;
			buildActionMask = 2147483647;
			files = (
				55DD771C2243F10200E3B25A /* EventKit.framework in Frameworks */,
				1E2D255F0CA68E878031D508 /* Pods_CTC.framework in Frameworks */,
			);
			runOnlyForDeploymentPostprocessing = 0;
		};
/* End PBXFrameworksBuildPhase section */

/* Begin PBXGroup section */
		3830E63318DC30442B8E3EDE /* Pods */ = {
			isa = PBXGroup;
			children = (
				A8B31AA846FFF8CD17AC60D4 /* Pods-CTC.debug.xcconfig */,
				84FE14F013CE5A36605D79E9 /* Pods-CTC.release.xcconfig */,
			);
			name = Pods;
			sourceTree = "<group>";
		};
		531BF5F62FF89EAC6EE25F62 /* Frameworks */ = {
			isa = PBXGroup;
			children = (
				55DD771B2243F10200E3B25A /* EventKit.framework */,
				B72ED0A88CDD17F1BA897BA1 /* Pods_CTC.framework */,
			);
			name = Frameworks;
			sourceTree = "<group>";
		};
		555834942221EFD900C1E887 /* Fonts */ = {
			isa = PBXGroup;
			children = (
				555834952221EFD900C1E887 /* AdventPro-SemiBold.ttf */,
				555834962221EFD900C1E887 /* Globals.swift */,
				55F42C292244570B00F3BEC2 /* Utility.swift */,
				55F6FE7D2257E2D800D593B4 /* UILabelPadding.swift */,
			);
			path = Fonts;
			sourceTree = "<group>";
		};
		555834992221EFE900C1E887 /* Animations */ = {
			isa = PBXGroup;
			children = (
				5558349A2221EFE900C1E887 /* images */,
				5558349E2221EFE900C1E887 /* heart-green.json */,
				55DE1EA3224AAC3100138731 /* scrolldown2-dark.json */,
				55DE1E9F224AA61900138731 /* heart-grey.json */,
				5558349F2221EFE900C1E887 /* scrolldown.json */,
				55DE1EA1224AA93400138731 /* scrolldown-dark.json */,
				5559664A224BF0A400700846 /* loading.json */,
			);
			path = Animations;
			sourceTree = "<group>";
		};
		5558349A2221EFE900C1E887 /* images */ = {
			isa = PBXGroup;
			children = (
				5558349B2221EFE900C1E887 /* img_1.png */,
				5558349C2221EFE900C1E887 /* img_0.png */,
			);
			path = images;
			sourceTree = "<group>";
		};
		55870E9B21F00CEE004631B7 = {
			isa = PBXGroup;
			children = (
				55870EA621F00CEE004631B7 /* CTC */,
				55870EA521F00CEE004631B7 /* Products */,
				3830E63318DC30442B8E3EDE /* Pods */,
				531BF5F62FF89EAC6EE25F62 /* Frameworks */,
			);
			sourceTree = "<group>";
		};
		55870EA521F00CEE004631B7 /* Products */ = {
			isa = PBXGroup;
			children = (
				55870EA421F00CEE004631B7 /* CTC.app */,
			);
			name = Products;
			sourceTree = "<group>";
		};
		55870EA621F00CEE004631B7 /* CTC */ = {
			isa = PBXGroup;
			children = (
				55870EA721F00CEE004631B7 /* AppDelegate.swift */,
				555834992221EFE900C1E887 /* Animations */,
				555834942221EFD900C1E887 /* Fonts */,
				55870EC421F018A5004631B7 /* Home */,
				55870EC321F01883004631B7 /* Greeting */,
				55870EAE21F00CF0004631B7 /* Assets.xcassets */,
				55870EB021F00CF0004631B7 /* LaunchScreen.storyboard */,
				55870EB321F00CF0004631B7 /* Info.plist */,
			);
			path = CTC;
			sourceTree = "<group>";
		};
		55870EC321F01883004631B7 /* Greeting */ = {
			isa = PBXGroup;
			children = (
				55870EBD21F0159C004631B7 /* GreetingView.swift */,
				55870EBF21F0186A004631B7 /* WelcomeView.swift */,
				55870EC121F01875004631B7 /* BioView.swift */,
			);
			path = Greeting;
			sourceTree = "<group>";
		};
		55870EC421F018A5004631B7 /* Home */ = {
			isa = PBXGroup;
			children = (
				55870EA921F00CEE004631B7 /* HomeView.swift */,
				55870EB921F00E69004631B7 /* HomeViewModel.swift */,
				55870EC621F01913004631B7 /* Calendar */,
			);
			path = Home;
			sourceTree = "<group>";
		};
		55870EC621F01913004631B7 /* Calendar */ = {
			isa = PBXGroup;
			children = (
				7FB810B322089AC7007AB5D5 /* Model */,
				7FB810AA22089952007AB5D5 /* View */,
			);
			path = Calendar;
			sourceTree = "<group>";
		};
		7FB810AA22089952007AB5D5 /* View */ = {
			isa = PBXGroup;
			children = (
				7FB810AB2208997A007AB5D5 /* EventCell.swift */,
				55870EBB21F013AC004631B7 /* CalendarScreenView.swift */,
				7FB810AF220899D9007AB5D5 /* CalendarScreenViewModel.swift */,
			);
			path = View;
			sourceTree = "<group>";
		};
		7FB810B322089AC7007AB5D5 /* Model */ = {
			isa = PBXGroup;
			children = (
				7FB810B122089AAC007AB5D5 /* Event.swift */,
			);
			path = Model;
			sourceTree = "<group>";
		};
/* End PBXGroup section */

/* Begin PBXNativeTarget section */
		55870EA321F00CEE004631B7 /* CTC */ = {
			isa = PBXNativeTarget;
			buildConfigurationList = 55870EB621F00CF0004631B7 /* Build configuration list for PBXNativeTarget "CTC" */;
			buildPhases = (
				B062BA94526CE608E27021DA /* [CP] Check Pods Manifest.lock */,
				55870EA021F00CEE004631B7 /* Sources */,
				55870EA121F00CEE004631B7 /* Frameworks */,
				55870EA221F00CEE004631B7 /* Resources */,
				C0AE06E448AF105CF28A9DD6 /* [CP] Embed Pods Frameworks */,
			);
			buildRules = (
			);
			dependencies = (
			);
			name = CTC;
			productName = CTC;
			productReference = 55870EA421F00CEE004631B7 /* CTC.app */;
			productType = "com.apple.product-type.application";
		};
/* End PBXNativeTarget section */

/* Begin PBXProject section */
		55870E9C21F00CEE004631B7 /* Project object */ = {
			isa = PBXProject;
			attributes = {
				LastSwiftUpdateCheck = 1010;
				LastUpgradeCheck = 1010;
				ORGANIZATIONNAME = "Code That Cares";
				TargetAttributes = {
					55870EA321F00CEE004631B7 = {
						CreatedOnToolsVersion = 10.1;
					};
				};
			};
			buildConfigurationList = 55870E9F21F00CEE004631B7 /* Build configuration list for PBXProject "CTC" */;
			compatibilityVersion = "Xcode 9.3";
			developmentRegion = en;
			hasScannedForEncodings = 0;
			knownRegions = (
				en,
				Base,
			);
			mainGroup = 55870E9B21F00CEE004631B7;
			productRefGroup = 55870EA521F00CEE004631B7 /* Products */;
			projectDirPath = "";
			projectRoot = "";
			targets = (
				55870EA321F00CEE004631B7 /* CTC */,
			);
		};
/* End PBXProject section */

/* Begin PBXResourcesBuildPhase section */
		55870EA221F00CEE004631B7 /* Resources */ = {
			isa = PBXResourcesBuildPhase;
			buildActionMask = 2147483647;
			files = (
				555834A32221EFE900C1E887 /* heart-green.json in Resources */,
				5559664B224BF0A400700846 /* loading.json in Resources */,
				555834A12221EFE900C1E887 /* img_0.png in Resources */,
				55870EB221F00CF0004631B7 /* LaunchScreen.storyboard in Resources */,
				55DE1EA4224AAC3100138731 /* scrolldown2-dark.json in Resources */,
				55DE1EA0224AA61A00138731 /* heart-grey.json in Resources */,
				555834A02221EFE900C1E887 /* img_1.png in Resources */,
				55870EAF21F00CF0004631B7 /* Assets.xcassets in Resources */,
				555834A42221EFE900C1E887 /* scrolldown.json in Resources */,
				55DE1EA2224AA93400138731 /* scrolldown-dark.json in Resources */,
				555834972221EFD900C1E887 /* AdventPro-SemiBold.ttf in Resources */,
			);
			runOnlyForDeploymentPostprocessing = 0;
		};
/* End PBXResourcesBuildPhase section */

/* Begin PBXShellScriptBuildPhase section */
		B062BA94526CE608E27021DA /* [CP] Check Pods Manifest.lock */ = {
			isa = PBXShellScriptBuildPhase;
			buildActionMask = 2147483647;
			files = (
			);
			inputPaths = (
				"${PODS_PODFILE_DIR_PATH}/Podfile.lock",
				"${PODS_ROOT}/Manifest.lock",
			);
			name = "[CP] Check Pods Manifest.lock";
			outputPaths = (
				"$(DERIVED_FILE_DIR)/Pods-CTC-checkManifestLockResult.txt",
			);
			runOnlyForDeploymentPostprocessing = 0;
			shellPath = /bin/sh;
			shellScript = "diff \"${PODS_PODFILE_DIR_PATH}/Podfile.lock\" \"${PODS_ROOT}/Manifest.lock\" > /dev/null\nif [ $? != 0 ] ; then\n    # print error to STDERR\n    echo \"error: The sandbox is not in sync with the Podfile.lock. Run 'pod install' or update your CocoaPods installation.\" >&2\n    exit 1\nfi\n# This output is used by Xcode 'outputs' to avoid re-running this script phase.\necho \"SUCCESS\" > \"${SCRIPT_OUTPUT_FILE_0}\"\n";
			showEnvVarsInLog = 0;
		};
		C0AE06E448AF105CF28A9DD6 /* [CP] Embed Pods Frameworks */ = {
			isa = PBXShellScriptBuildPhase;
			buildActionMask = 2147483647;
			files = (
			);
			inputPaths = (
				"${PODS_ROOT}/Target Support Files/Pods-CTC/Pods-CTC-frameworks.sh",
				"${BUILT_PRODUCTS_DIR}/BulletinBoard/BLTNBoard.framework",
				"${BUILT_PRODUCTS_DIR}/LUNSegmentedControl/LUNSegmentedControl.framework",
				"${BUILT_PRODUCTS_DIR}/RxSwift/RxSwift.framework",
				"${BUILT_PRODUCTS_DIR}/lottie-ios/Lottie.framework",
			);
			name = "[CP] Embed Pods Frameworks";
			outputPaths = (
				"${TARGET_BUILD_DIR}/${FRAMEWORKS_FOLDER_PATH}/BLTNBoard.framework",
				"${TARGET_BUILD_DIR}/${FRAMEWORKS_FOLDER_PATH}/LUNSegmentedControl.framework",
				"${TARGET_BUILD_DIR}/${FRAMEWORKS_FOLDER_PATH}/RxSwift.framework",
				"${TARGET_BUILD_DIR}/${FRAMEWORKS_FOLDER_PATH}/Lottie.framework",
			);
			runOnlyForDeploymentPostprocessing = 0;
			shellPath = /bin/sh;
			shellScript = "\"${PODS_ROOT}/Target Support Files/Pods-CTC/Pods-CTC-frameworks.sh\"\n";
			showEnvVarsInLog = 0;
		};
/* End PBXShellScriptBuildPhase section */

/* Begin PBXSourcesBuildPhase section */
		55870EA021F00CEE004631B7 /* Sources */ = {
			isa = PBXSourcesBuildPhase;
			buildActionMask = 2147483647;
			files = (
				55870EAA21F00CEE004631B7 /* HomeView.swift in Sources */,
				7FB810AC2208997A007AB5D5 /* EventCell.swift in Sources */,
				55870EC021F0186A004631B7 /* WelcomeView.swift in Sources */,
				7FB810B222089AAC007AB5D5 /* Event.swift in Sources */,
				55870EBA21F00E69004631B7 /* HomeViewModel.swift in Sources */,
				55870EBC21F013AC004631B7 /* CalendarScreenView.swift in Sources */,
				55870EBE21F0159D004631B7 /* GreetingView.swift in Sources */,
				555834982221EFD900C1E887 /* Globals.swift in Sources */,
				55F42C2A2244570B00F3BEC2 /* Utility.swift in Sources */,
				55870EC221F01875004631B7 /* BioView.swift in Sources */,
				55F6FE7E2257E2D800D593B4 /* UILabelPadding.swift in Sources */,
				7FB810B0220899D9007AB5D5 /* CalendarScreenViewModel.swift in Sources */,
				55870EA821F00CEE004631B7 /* AppDelegate.swift in Sources */,
			);
			runOnlyForDeploymentPostprocessing = 0;
		};
/* End PBXSourcesBuildPhase section */

/* Begin PBXVariantGroup section */
		55870EB021F00CF0004631B7 /* LaunchScreen.storyboard */ = {
			isa = PBXVariantGroup;
			children = (
				55870EB121F00CF0004631B7 /* Base */,
			);
			name = LaunchScreen.storyboard;
			sourceTree = "<group>";
		};
/* End PBXVariantGroup section */

/* Begin XCBuildConfiguration section */
		55870EB421F00CF0004631B7 /* Debug */ = {
			isa = XCBuildConfiguration;
			buildSettings = {
				ALWAYS_SEARCH_USER_PATHS = NO;
				CLANG_ANALYZER_NONNULL = YES;
				CLANG_ANALYZER_NUMBER_OBJECT_CONVERSION = YES_AGGRESSIVE;
				CLANG_CXX_LANGUAGE_STANDARD = "gnu++14";
				CLANG_CXX_LIBRARY = "libc++";
				CLANG_ENABLE_MODULES = YES;
				CLANG_ENABLE_OBJC_ARC = YES;
				CLANG_ENABLE_OBJC_WEAK = YES;
				CLANG_WARN_BLOCK_CAPTURE_AUTORELEASING = YES;
				CLANG_WARN_BOOL_CONVERSION = YES;
				CLANG_WARN_COMMA = YES;
				CLANG_WARN_CONSTANT_CONVERSION = YES;
				CLANG_WARN_DEPRECATED_OBJC_IMPLEMENTATIONS = YES;
				CLANG_WARN_DIRECT_OBJC_ISA_USAGE = YES_ERROR;
				CLANG_WARN_DOCUMENTATION_COMMENTS = YES;
				CLANG_WARN_EMPTY_BODY = YES;
				CLANG_WARN_ENUM_CONVERSION = YES;
				CLANG_WARN_INFINITE_RECURSION = YES;
				CLANG_WARN_INT_CONVERSION = YES;
				CLANG_WARN_NON_LITERAL_NULL_CONVERSION = YES;
				CLANG_WARN_OBJC_IMPLICIT_RETAIN_SELF = YES;
				CLANG_WARN_OBJC_LITERAL_CONVERSION = YES;
				CLANG_WARN_OBJC_ROOT_CLASS = YES_ERROR;
				CLANG_WARN_RANGE_LOOP_ANALYSIS = YES;
				CLANG_WARN_STRICT_PROTOTYPES = YES;
				CLANG_WARN_SUSPICIOUS_MOVE = YES;
				CLANG_WARN_UNGUARDED_AVAILABILITY = YES_AGGRESSIVE;
				CLANG_WARN_UNREACHABLE_CODE = YES;
				CLANG_WARN__DUPLICATE_METHOD_MATCH = YES;
				CODE_SIGN_IDENTITY = "iPhone Developer";
				COPY_PHASE_STRIP = NO;
				DEBUG_INFORMATION_FORMAT = dwarf;
				ENABLE_STRICT_OBJC_MSGSEND = YES;
				ENABLE_TESTABILITY = YES;
				GCC_C_LANGUAGE_STANDARD = gnu11;
				GCC_DYNAMIC_NO_PIC = NO;
				GCC_NO_COMMON_BLOCKS = YES;
				GCC_OPTIMIZATION_LEVEL = 0;
				GCC_PREPROCESSOR_DEFINITIONS = (
					"DEBUG=1",
					"$(inherited)",
				);
				GCC_WARN_64_TO_32_BIT_CONVERSION = YES;
				GCC_WARN_ABOUT_RETURN_TYPE = YES_ERROR;
				GCC_WARN_UNDECLARED_SELECTOR = YES;
				GCC_WARN_UNINITIALIZED_AUTOS = YES_AGGRESSIVE;
				GCC_WARN_UNUSED_FUNCTION = YES;
				GCC_WARN_UNUSED_VARIABLE = YES;
				IPHONEOS_DEPLOYMENT_TARGET = 12.1;
				MTL_ENABLE_DEBUG_INFO = INCLUDE_SOURCE;
				MTL_FAST_MATH = YES;
				ONLY_ACTIVE_ARCH = YES;
				SDKROOT = iphoneos;
				SWIFT_ACTIVE_COMPILATION_CONDITIONS = DEBUG;
				SWIFT_OPTIMIZATION_LEVEL = "-Onone";
			};
			name = Debug;
		};
		55870EB521F00CF0004631B7 /* Release */ = {
			isa = XCBuildConfiguration;
			buildSettings = {
				ALWAYS_SEARCH_USER_PATHS = NO;
				CLANG_ANALYZER_NONNULL = YES;
				CLANG_ANALYZER_NUMBER_OBJECT_CONVERSION = YES_AGGRESSIVE;
				CLANG_CXX_LANGUAGE_STANDARD = "gnu++14";
				CLANG_CXX_LIBRARY = "libc++";
				CLANG_ENABLE_MODULES = YES;
				CLANG_ENABLE_OBJC_ARC = YES;
				CLANG_ENABLE_OBJC_WEAK = YES;
				CLANG_WARN_BLOCK_CAPTURE_AUTORELEASING = YES;
				CLANG_WARN_BOOL_CONVERSION = YES;
				CLANG_WARN_COMMA = YES;
				CLANG_WARN_CONSTANT_CONVERSION = YES;
				CLANG_WARN_DEPRECATED_OBJC_IMPLEMENTATIONS = YES;
				CLANG_WARN_DIRECT_OBJC_ISA_USAGE = YES_ERROR;
				CLANG_WARN_DOCUMENTATION_COMMENTS = YES;
				CLANG_WARN_EMPTY_BODY = YES;
				CLANG_WARN_ENUM_CONVERSION = YES;
				CLANG_WARN_INFINITE_RECURSION = YES;
				CLANG_WARN_INT_CONVERSION = YES;
				CLANG_WARN_NON_LITERAL_NULL_CONVERSION = YES;
				CLANG_WARN_OBJC_IMPLICIT_RETAIN_SELF = YES;
				CLANG_WARN_OBJC_LITERAL_CONVERSION = YES;
				CLANG_WARN_OBJC_ROOT_CLASS = YES_ERROR;
				CLANG_WARN_RANGE_LOOP_ANALYSIS = YES;
				CLANG_WARN_STRICT_PROTOTYPES = YES;
				CLANG_WARN_SUSPICIOUS_MOVE = YES;
				CLANG_WARN_UNGUARDED_AVAILABILITY = YES_AGGRESSIVE;
				CLANG_WARN_UNREACHABLE_CODE = YES;
				CLANG_WARN__DUPLICATE_METHOD_MATCH = YES;
				CODE_SIGN_IDENTITY = "iPhone Developer";
				COPY_PHASE_STRIP = NO;
				DEBUG_INFORMATION_FORMAT = "dwarf-with-dsym";
				ENABLE_NS_ASSERTIONS = NO;
				ENABLE_STRICT_OBJC_MSGSEND = YES;
				GCC_C_LANGUAGE_STANDARD = gnu11;
				GCC_NO_COMMON_BLOCKS = YES;
				GCC_WARN_64_TO_32_BIT_CONVERSION = YES;
				GCC_WARN_ABOUT_RETURN_TYPE = YES_ERROR;
				GCC_WARN_UNDECLARED_SELECTOR = YES;
				GCC_WARN_UNINITIALIZED_AUTOS = YES_AGGRESSIVE;
				GCC_WARN_UNUSED_FUNCTION = YES;
				GCC_WARN_UNUSED_VARIABLE = YES;
				IPHONEOS_DEPLOYMENT_TARGET = 12.1;
				MTL_ENABLE_DEBUG_INFO = NO;
				MTL_FAST_MATH = YES;
				SDKROOT = iphoneos;
				SWIFT_COMPILATION_MODE = wholemodule;
				SWIFT_OPTIMIZATION_LEVEL = "-O";
				VALIDATE_PRODUCT = YES;
			};
			name = Release;
		};
		55870EB721F00CF0004631B7 /* Debug */ = {
			isa = XCBuildConfiguration;
			baseConfigurationReference = A8B31AA846FFF8CD17AC60D4 /* Pods-CTC.debug.xcconfig */;
			buildSettings = {
				ASSETCATALOG_COMPILER_APPICON_NAME = AppIcon;
				CODE_SIGN_STYLE = Automatic;
				DEVELOPMENT_TEAM = E6X7XRG34G;
				INFOPLIST_FILE = CTC/Info.plist;
				IPHONEOS_DEPLOYMENT_TARGET = 11.0;
				LD_RUNPATH_SEARCH_PATHS = (
					"$(inherited)",
					"@executable_path/Frameworks",
				);
				PRODUCT_BUNDLE_IDENTIFIER = com.DaveBeckerDevelopment.CTC;
				PRODUCT_NAME = "$(TARGET_NAME)";
				SWIFT_VERSION = 4.2;
				TARGETED_DEVICE_FAMILY = "1,2";
			};
			name = Debug;
		};
		55870EB821F00CF0004631B7 /* Release */ = {
			isa = XCBuildConfiguration;
			baseConfigurationReference = 84FE14F013CE5A36605D79E9 /* Pods-CTC.release.xcconfig */;
			buildSettings = {
				ASSETCATALOG_COMPILER_APPICON_NAME = AppIcon;
				CODE_SIGN_STYLE = Automatic;
				DEVELOPMENT_TEAM = E6X7XRG34G;
				INFOPLIST_FILE = CTC/Info.plist;
				IPHONEOS_DEPLOYMENT_TARGET = 11.0;
				LD_RUNPATH_SEARCH_PATHS = (
					"$(inherited)",
					"@executable_path/Frameworks",
				);
				PRODUCT_BUNDLE_IDENTIFIER = com.DaveBeckerDevelopment.CTC;
				PRODUCT_NAME = "$(TARGET_NAME)";
				SWIFT_VERSION = 4.2;
				TARGETED_DEVICE_FAMILY = "1,2";
			};
			name = Release;
		};
/* End XCBuildConfiguration section */

/* Begin XCConfigurationList section */
		55870E9F21F00CEE004631B7 /* Build configuration list for PBXProject "CTC" */ = {
			isa = XCConfigurationList;
			buildConfigurations = (
				55870EB421F00CF0004631B7 /* Debug */,
				55870EB521F00CF0004631B7 /* Release */,
			);
			defaultConfigurationIsVisible = 0;
			defaultConfigurationName = Release;
		};
		55870EB621F00CF0004631B7 /* Build configuration list for PBXNativeTarget "CTC" */ = {
			isa = XCConfigurationList;
			buildConfigurations = (
				55870EB721F00CF0004631B7 /* Debug */,
				55870EB821F00CF0004631B7 /* Release */,
			);
			defaultConfigurationIsVisible = 0;
			defaultConfigurationName = Release;
		};
/* End XCConfigurationList section */
	};
	rootObject = 55870E9C21F00CEE004631B7 /* Project object */;
}
